lockfileVersion: '9.0'

settings:
  autoInstallPeers: true
  excludeLinksFromLockfile: false

importers:

  .:
    dependencies:
      '@lezer/common':
        specifier: ^1.5.2
        version: 1.5.2
      '@lezer/javascript':
        specifier: ^1.5.5
        version: 1.5.5
      '@lezer/json':
        specifier: ^1.0.3
        version: 1.0.3
      '@lezer/python':
        specifier: ^1.1.19
        version: 1.1.19
      tree-sitter-json:
        specifier: 0.24.8
        version: 0.24.8
      tree-sitter-python:
        specifier: 0.25.0
        version: 0.25.0
      tree-sitter-typescript:
        specifier: 0.23.2
        version: 0.23.2
      web-tree-sitter:
        specifier: 0.27.0
        version: 0.27.0

packages:

  '@lezer/common@1.5.2':
    resolution: {integrity: sha512-sxQE460fPZyU3sdc8lafxiPwJHBzZRy/udNFynGQky1SePYBdhkBl1kOagA9uT3pxR8K09bOrmTUqA9wb/PjSQ==}

  '@lezer/highlight@1.2.4':
    resolution: {integrity: sha512-4UeRVFO0lsBaM7GA32zOqbmqNPme9jedo8Ey+5c5656MU3MLitMLIA8aCZTYjUMEpEsuSeXEm78Uea6Iq3bvSg==}

  '@lezer/javascript@1.5.5':
    resolution: {integrity: sha512-sWg4yX1J6XW67AaAynVt0iwF0M5c+np36TEu+P2ifAJ8haRYvHnWDV28r1jdwnJehWCwXECutAUy56K4RBZIyg==}

  '@lezer/json@1.0.3':
    resolution: {integrity: sha512-BP9KzdF9Y35PDpv04r0VeSTKDeox5vVr3efE7eBbx3r4s3oNLfunchejZhjArmeieBH+nVOpgIiBJpEAv8ilqQ==}

  '@lezer/lr@1.4.10':
    resolution: {integrity: sha512-rnCpTIBafOx4mRp43xOxDJbFipJm/c0cia/V5TiGlhmMa+wsSdoGmUN3w5Bqrks/09Q/D4tNAmWaT8p6NRi77A==}

  '@lezer/python@1.1.19':
    resolution: {integrity: sha512-MhQIURHRytsNzP/YXnqpYKW6la6voAH3kyplTOOiCdjyFY6cWWGFVmYVdHIPrElqSDf4iCDktQCockB9FxuhzQ==}

  node-addon-api@8.9.2:
    resolution: {integrity: sha512-VijLXbi3UACN69I0JVXJsX4tjACjNoQDgv2gTF6sx2wWEi8tkSg2eX8p5gSIFi8z2+DL3oHmY6OyKce38SDolg==}
    engines: {node: ^18 || ^20 || >= 21}

  node-gyp-build@4.8.4:
    resolution: {integrity: sha512-LA4ZjwlnUblHVgq0oBF3Jl/6h/Nvs5fzBLwdEF4nuxnFdsfajde4WfxtJr3CaiH+F6ewcIB/q4jQ4UzPyid+CQ==}
    hasBin: true

  tree-sitter-javascript@0.23.1:
    resolution: {integrity: sha512-/bnhbrTD9frUYHQTiYnPcxyHORIw157ERBa6dqzaKxvR/x3PC4Yzd+D1pZIMS6zNg2v3a8BZ0oK7jHqsQo9fWA==}
    peerDependencies:
      tree-sitter: ^0.21.1
    peerDependenciesMeta:
      tree-sitter:
        optional: true

  tree-sitter-json@0.24.8:
    resolution: {integrity: sha512-Tc9ZZYwHyWZ3Tt1VEw7Pa2scu1YO7/d2BCBbKTx5hXwig3UfdQjsOPkPyLpDJOn/m1UBEWYAtSdGAwCSyagBqQ==}
    peerDependencies:
      tree-sitter: ^0.21.1
    peerDependenciesMeta:
      tree-sitter:
        optional: true

  tree-sitter-python@0.25.0:
    resolution: {integrity: sha512-eCmJx6zQa35GxaCtQD+wXHOhYqBxEL+bp71W/s3fcDMu06MrtzkVXR437dRrCrbrDbyLuUDJpAgycs7ncngLXw==}
    peerDependencies:
      tree-sitter: ^0.25.0
    peerDependenciesMeta:
      tree-sitter:
        optional: true

  tree-sitter-typescript@0.23.2:
    resolution: {integrity: sha512-e04JUUKxTT53/x3Uq1zIL45DoYKVfHH4CZqwgZhPg5qYROl5nQjV+85ruFzFGZxu+QeFVbRTPDRnqL9UbU4VeA==}
    peerDependencies:
      tree-sitter: ^0.21.0
    peerDependenciesMeta:
      tree-sitter:
        optional: true

  web-tree-sitter@0.27.0:
    resolution: {integrity: sha512-XK08gj6RwTMQatAG7uVRP8MunqotL/XC19vHgkSPKmELgbGPBj4ECvB8haHOUnyj6ls2B8t42UTro14zxGgAHg==}

snapshots:

  '@lezer/common@1.5.2': {}

  '@lezer/highlight@1.2.4':
    dependencies:
      '@lezer/common': 1.5.2

  '@lezer/javascript@1.5.5':
    dependencies:
      '@lezer/common': 1.5.2
      '@lezer/highlight': 1.2.4
      '@lezer/lr': 1.4.10

  '@lezer/json@1.0.3':
    dependencies:
      '@lezer/common': 1.5.2
      '@lezer/highlight': 1.2.4
      '@lezer/lr': 1.4.10

  '@lezer/lr@1.4.10':
    dependencies:
      '@lezer/common': 1.5.2

  '@lezer/python@1.1.19':
    dependencies:
      '@lezer/common': 1.5.2
      '@lezer/highlight': 1.2.4
      '@lezer/lr': 1.4.10

  node-addon-api@8.9.2: {}

  node-gyp-build@4.8.4: {}

  tree-sitter-javascript@0.23.1:
    dependencies:
      node-addon-api: 8.9.2
      node-gyp-build: 4.8.4

  tree-sitter-json@0.24.8:
    dependencies:
      node-addon-api: 8.9.2
      node-gyp-build: 4.8.4

  tree-sitter-python@0.25.0:
    dependencies:
      node-addon-api: 8.9.2
      node-gyp-build: 4.8.4

  tree-sitter-typescript@0.23.2:
    dependencies:
      node-addon-api: 8.9.2
      node-gyp-build: 4.8.4
      tree-sitter-javascript: 0.23.1

  web-tree-sitter@0.27.0: {}
